lockfileVersion: '9.0'

settings:
  autoInstallPeers: true
  excludeLinksFromLockfile: false

importers:

  .:
    dependencies:
      capnweb:
        specifier: file:../..
        version: file:../..

packages:

  capnweb@file:../..:
    resolution: {directory: ../.., type: directory}

snapshots:

  capnweb@file:../..: {}
